// !$*UTF8*$!
{
	archiveVersion = 1;
	classes = {
	};
	objectVersion = 77;
	objects = {

/* Begin PBXBuildFile section */
		7C0A00022F3E0001001C3BB7 /* Theme.swift in Sources */ = {isa = PBXBuildFile; fileRef = 7C0A00012F3E0001001C3BB7 /* Theme.swift */; };
		7C0A00042F5B0001001C3BB7 /* OutlineNode.swift in Sources */ = {isa = PBXBuildFile; fileRef = 7C0A00032F5B0001001C3BB7 /* OutlineNode.swift */; };
		7C0A00062F5B0002001C3BB7 /* OutlineSidebarView.swift in Sources */ = {isa = PBXBuildFile; fileRef = 7C0A00052F5B0002001C3BB7 /* OutlineSidebarView.swift */; };
		7C1FD9812F44FAC200BB4076 /* LocalFileSchemeHandler.swift in Sources */ = {isa = PBXBuildFile; fileRef = 7C1FD9802F44FAC200BB4076 /* LocalFileSchemeHandler.swift */; };
		7C2665942F3D6216004C8D74 /* DocumentState.swift in Sources */ = {isa = PBXBuildFile; fileRef = 7C2665932F3D6216004C8D74 /* DocumentState.swift */; };
		7C282AD82F4F542E00611919 /* ThemePreviewCard.swift in Sources */ = {isa = PBXBuildFile; fileRef = 7C282AD52F4F542E00611919 /* ThemePreviewCard.swift */; };
		7C282AD92F4F542E00611919 /* UpModeSettingsView.swift in Sources */ = {isa = PBXBuildFile; fileRef = 7C282AD72F4F542E00611919 /* UpModeSettingsView.swift */; };
		7C282ADA2F4F542E00611919 /* SettingsView.swift in Sources */ = {isa = PBXBuildFile; fileRef = 7C282AD42F4F542E00611919 /* SettingsView.swift */; };
		7C282ADB2F4F542E00611919 /* ThemeSettingsView.swift in Sources */ = {isa = PBXBuildFile; fileRef = 7C282AD62F4F542E00611919 /* ThemeSettingsView.swift */; };
		7C282ADC2F4F542E00611919 /* GeneralSettingsView.swift in Sources */ = {isa = PBXBuildFile; fileRef = 7C282AD32F4F542E00611919 /* GeneralSettingsView.swift */; };
		7C282ADD2F4F542E00611919 /* DownModeSettingsView.swift in Sources */ = {isa = PBXBuildFile; fileRef = 7C282AD22F4F542E00611919 /* DownModeSettingsView.swift */; };
		7C442A622F3450190046E0CD /* AppDelegate.swift in Sources */ = {isa = PBXBuildFile; fileRef = 7C442A612F3450190046E0CD /* AppDelegate.swift */; };
		7C442A652F3457C20046E0CD /* DocumentController.swift in Sources */ = {isa = PBXBuildFile; fileRef = 7C442A642F3457C20046E0CD /* DocumentController.swift */; };
		7C442A682F34BB7E0046E0CD /* DocumentWindowController.swift in Sources */ = {isa = PBXBuildFile; fileRef = 7C442A672F34BB7E0046E0CD /* DocumentWindowController.swift */; };
		7C442A692F34BB7E0046E0CD /* DocumentContentView.swift in Sources */ = {isa = PBXBuildFile; fileRef = 7C442A662F34BB7E0046E0CD /* DocumentContentView.swift */; };
		7C4D0E592F47EF22008A472A /* PrivacyInfo.xcprivacy in Resources */ = {isa = PBXBuildFile; fileRef = 7C4D0E582F47EF22008A472A /* PrivacyInfo.xcprivacy */; };
		7C5A00022F4800010046E0CD /* CommandLineInterface.swift in Sources */ = {isa = PBXBuildFile; fileRef = 7C5A00012F4800010046E0CD /* CommandLineInterface.swift */; };
		7C5A00042F4800020046E0CD /* CommandLineInstaller.swift in Sources */ = {isa = PBXBuildFile; fileRef = 7C5A00032F4800020046E0CD /* CommandLineInstaller.swift */; };
		7C6B316E2F3A228000F6A4E8 /* DeferMutation.swift in Sources */ = {isa = PBXBuildFile; fileRef = 7C6B316D2F3A228000F6A4E8 /* DeferMutation.swift */; };
		7C8D10302F34CF0400F359C8 /* FindFeature.swift in Sources */ = {isa = PBXBuildFile; fileRef = 7C8D102F2F34CF0400F359C8 /* FindFeature.swift */; };
		7CA1197F2F3CC4D00098484A /* ViewToggle.swift in Sources */ = {isa = PBXBuildFile; fileRef = 7CA1197E2F3CC4CC0098484A /* ViewToggle.swift */; };
		7CA119812F3CC5110098484A /* Mode.swift in Sources */ = {isa = PBXBuildFile; fileRef = 7CA119802F3CC50F0098484A /* Mode.swift */; };
		7CB9BB902F38E28B008AB0BC /* Mud.icon in Resources */ = {isa = PBXBuildFile; fileRef = 7CB9BB8F2F38E28B008AB0BC /* Mud.icon */; };
		7CC9753A2F340286001C3BB7 /* Assets.xcassets in Resources */ = {isa = PBXBuildFile; fileRef = 7CC975332F340286001C3BB7 /* Assets.xcassets */; };
		7CC9753D2F340286001C3BB7 /* MudApp.swift in Sources */ = {isa = PBXBuildFile; fileRef = 7CC975362F340286001C3BB7 /* MudApp.swift */; };
		7CC975592F34038A001C3BB7 /* MudCore in Frameworks */ = {isa = PBXBuildFile; productRef = 7CC975582F34038A001C3BB7 /* MudCore */; };
		7CC975672F340904001C3BB7 /* WebView.swift in Sources */ = {isa = PBXBuildFile; fileRef = 7CC975652F340904001C3BB7 /* WebView.swift */; };
		7CC975862F340FD2001C3BB7 /* FileWatcher.swift in Sources */ = {isa = PBXBuildFile; fileRef = 7CC975842F340FD2001C3BB7 /* FileWatcher.swift */; };
		7CC975892F341A75001C3BB7 /* Lighting.swift in Sources */ = {isa = PBXBuildFile; fileRef = 7CC975872F341A75001C3BB7 /* Lighting.swift */; };
/* End PBXBuildFile section */

/* Begin PBXFileReference section */
		7C0A00012F3E0001001C3BB7 /* Theme.swift */ = {isa = PBXFileReference; lastKnownFileType = sourcecode.swift; path = Theme.swift; sourceTree = "<group>"; };
		7C0A00032F5B0001001C3BB7 /* OutlineNode.swift */ = {isa = PBXFileReference; lastKnownFileType = sourcecode.swift; path = OutlineNode.swift; sourceTree = "<group>"; };
		7C0A00052F5B0002001C3BB7 /* OutlineSidebarView.swift */ = {isa = PBXFileReference; lastKnownFileType = sourcecode.swift; path = OutlineSidebarView.swift; sourceTree = "<group>"; };
		7C1FD9802F44FAC200BB4076 /* LocalFileSchemeHandler.swift */ = {isa = PBXFileReference; lastKnownFileType = sourcecode.swift; path = LocalFileSchemeHandler.swift; sourceTree = "<group>"; };
		7C2665932F3D6216004C8D74 /* DocumentState.swift */ = {isa = PBXFileReference; lastKnownFileType = sourcecode.swift; path = DocumentState.swift; sourceTree = "<group>"; };
		7C282AD22F4F542E00611919 /* DownModeSettingsView.swift */ = {isa = PBXFileReference; lastKnownFileType = sourcecode.swift; path = DownModeSettingsView.swift; sourceTree = "<group>"; };
		7C282AD32F4F542E00611919 /* GeneralSettingsView.swift */ = {isa = PBXFileReference; lastKnownFileType = sourcecode.swift; path = GeneralSettingsView.swift; sourceTree = "<group>"; };
		7C282AD42F4F542E00611919 /* SettingsView.swift */ = {isa = PBXFileReference; lastKnownFileType = sourcecode.swift; path = SettingsView.swift; sourceTree = "<group>"; };
		7C282AD52F4F542E00611919 /* ThemePreviewCard.swift */ = {isa = PBXFileReference; lastKnownFileType = sourcecode.swift; path = ThemePreviewCard.swift; sourceTree = "<group>"; };
		7C282AD62F4F542E00611919 /* ThemeSettingsView.swift */ = {isa = PBXFileReference; lastKnownFileType = sourcecode.swift; path = ThemeSettingsView.swift; sourceTree = "<group>"; };
		7C282AD72F4F542E00611919 /* UpModeSettingsView.swift */ = {isa = PBXFileReference; lastKnownFileType = sourcecode.swift; path = UpModeSettingsView.swift; sourceTree = "<group>"; };
		7C442A612F3450190046E0CD /* AppDelegate.swift */ = {isa = PBXFileReference; lastKnownFileType = sourcecode.swift; path = AppDelegate.swift; sourceTree = "<group>"; };
		7C442A642F3457C20046E0CD /* DocumentController.swift */ = {isa = PBXFileReference; lastKnownFileType = sourcecode.swift; path = DocumentController.swift; sourceTree = "<group>"; };
		7C442A662F34BB7E0046E0CD /* DocumentContentView.swift */ = {isa = PBXFileReference; lastKnownFileType = sourcecode.swift; path = DocumentContentView.swift; sourceTree = "<group>"; };
		7C442A672F34BB7E0046E0CD /* DocumentWindowController.swift */ = {isa = PBXFileReference; lastKnownFileType = sourcecode.swift; path = DocumentWindowController.swift; sourceTree = "<group>"; };
		7C4D0E582F47EF22008A472A /* PrivacyInfo.xcprivacy */ = {isa = PBXFileReference; lastKnownFileType = text.xml; path = PrivacyInfo.xcprivacy; sourceTree = "<group>"; };
		7C5A00012F4800010046E0CD /* CommandLineInterface.swift */ = {isa = PBXFileReference; lastKnownFileType = sourcecode.swift; path = CommandLineInterface.swift; sourceTree = "<group>"; };
		7C5A00032F4800020046E0CD /* CommandLineInstaller.swift */ = {isa = PBXFileReference; lastKnownFileType = sourcecode.swift; path = CommandLineInstaller.swift; sourceTree = "<group>"; };
		7C6B316D2F3A228000F6A4E8 /* DeferMutation.swift */ = {isa = PBXFileReference; lastKnownFileType = sourcecode.swift; path = DeferMutation.swift; sourceTree = "<group>"; };
		7C8D102F2F34CF0400F359C8 /* FindFeature.swift */ = {isa = PBXFileReference; lastKnownFileType = sourcecode.swift; path = FindFeature.swift; sourceTree = "<group>"; };
		7CA1197E2F3CC4CC0098484A /* ViewToggle.swift */ = {isa = PBXFileReference; lastKnownFileType = sourcecode.swift; path = ViewToggle.swift; sourceTree = "<group>"; };
		7CA119802F3CC50F0098484A /* Mode.swift */ = {isa = PBXFileReference; lastKnownFileType = sourcecode.swift; path = Mode.swift; sourceTree = "<group>"; };
		7CB9BB8F2F38E28B008AB0BC /* Mud.icon */ = {isa = PBXFileReference; lastKnownFileType = folder.iconcomposer.icon; path = Mud.icon; sourceTree = "<group>"; };
		7CC975212F3401F4001C3BB7 /* Mud.app */ = {isa = PBXFileReference; explicitFileType = wrapper.application; includeInIndex = 0; path = Mud.app; sourceTree = BUILT_PRODUCTS_DIR; };
		7CC975332F340286001C3BB7 /* Assets.xcassets */ = {isa = PBXFileReference; lastKnownFileType = folder.assetcatalog; path = Assets.xcassets; sourceTree = "<group>"; };
		7CC975352F340286001C3BB7 /* Info.plist */ = {isa = PBXFileReference; lastKnownFileType = text.plist.xml; path = Info.plist; sourceTree = "<group>"; };
		7CC975362F340286001C3BB7 /* MudApp.swift */ = {isa = PBXFileReference; lastKnownFileType = sourcecode.swift; path = MudApp.swift; sourceTree = "<group>"; };
		7CC975652F340904001C3BB7 /* WebView.swift */ = {isa = PBXFileReference; lastKnownFileType = sourcecode.swift; path = WebView.swift; sourceTree = "<group>"; };
		7CC975682F340B64001C3BB7 /* Mud.entitlements */ = {isa = PBXFileReference; lastKnownFileType = text.plist.entitlements; path = Mud.entitlements; sourceTree = "<group>"; };
		7CC975842F340FD2001C3BB7 /* FileWatcher.swift */ = {isa = PBXFileReference; lastKnownFileType = sourcecode.swift; path = FileWatcher.swift; sourceTree = "<group>"; };
		7CC975872F341A75001C3BB7 /* Lighting.swift */ = {isa = PBXFileReference; lastKnownFileType = sourcecode.swift; path = Lighting.swift; sourceTree = "<group>"; };
/* End PBXFileReference section */

/* Begin PBXFrameworksBuildPhase section */
		7CC9751E2F3401F4001C3BB7 /* Frameworks */ = {
			isa = PBXFrameworksBuildPhase;
			buildActionMask = 2147483647;
			files = (
				7CC975592F34038A001C3BB7 /* MudCore in Frameworks */,
			);
			runOnlyForDeploymentPostprocessing = 0;
		};
/* End PBXFrameworksBuildPhase section */

/* Begin PBXGroup section */
		7C282AD12F4F541400611919 /* Settings */ = {
			isa = PBXGroup;
			children = (
				7C282AD22F4F542E00611919 /* DownModeSettingsView.swift */,
				7C282AD32F4F542E00611919 /* GeneralSettingsView.swift */,
				7C282AD42F4F542E00611919 /* SettingsView.swift */,
				7C282AD52F4F542E00611919 /* ThemePreviewCard.swift */,
				7C282AD62F4F542E00611919 /* ThemeSettingsView.swift */,
				7C282AD72F4F542E00611919 /* UpModeSettingsView.swift */,
			);
			path = Settings;
			sourceTree = "<group>";
		};
		7CC975182F3401F4001C3BB7 = {
			isa = PBXGroup;
			children = (
				7CC975382F340286001C3BB7 /* App */,
				7CC975222F3401F4001C3BB7 /* Products */,
			);
			sourceTree = "<group>";
		};
		7CC975222F3401F4001C3BB7 /* Products */ = {
			isa = PBXGroup;
			children = (
				7CC975212F3401F4001C3BB7 /* Mud.app */,
			);
			name = Products;
			sourceTree = "<group>";
		};
		7CC975382F340286001C3BB7 /* App */ = {
			isa = PBXGroup;
			children = (
				7CB9BB8F2F38E28B008AB0BC /* Mud.icon */,
				7CC975682F340B64001C3BB7 /* Mud.entitlements */,
				7CC975352F340286001C3BB7 /* Info.plist */,
				7CC975332F340286001C3BB7 /* Assets.xcassets */,
				7C4D0E582F47EF22008A472A /* PrivacyInfo.xcprivacy */,
				7CC975362F340286001C3BB7 /* MudApp.swift */,
				7C442A612F3450190046E0CD /* AppDelegate.swift */,
				7CC975842F340FD2001C3BB7 /* FileWatcher.swift */,
				7C6B316D2F3A228000F6A4E8 /* DeferMutation.swift */,
				7C2665932F3D6216004C8D74 /* DocumentState.swift */,
				7C442A642F3457C20046E0CD /* DocumentController.swift */,
				7C442A672F34BB7E0046E0CD /* DocumentWindowController.swift */,
				7C442A662F34BB7E0046E0CD /* DocumentContentView.swift */,
				7C282AD12F4F541400611919 /* Settings */,
				7C1FD9802F44FAC200BB4076 /* LocalFileSchemeHandler.swift */,
				7CC975652F340904001C3BB7 /* WebView.swift */,
				7CA119802F3CC50F0098484A /* Mode.swift */,
				7CC975872F341A75001C3BB7 /* Lighting.swift */,
				7C0A00012F3E0001001C3BB7 /* Theme.swift */,
				7CA1197E2F3CC4CC0098484A /* ViewToggle.swift */,
				7C8D102F2F34CF0400F359C8 /* FindFeature.swift */,
				7C0A00032F5B0001001C3BB7 /* OutlineNode.swift */,
				7C0A00052F5B0002001C3BB7 /* OutlineSidebarView.swift */,
				7C5A00012F4800010046E0CD /* CommandLineInterface.swift */,
				7C5A00032F4800020046E0CD /* CommandLineInstaller.swift */,
			);
			path = App;
			sourceTree = "<group>";
		};
/* End PBXGroup section */

/* Begin PBXNativeTarget section */
		7CC975202F3401F4001C3BB7 /* Mud */ = {
			isa = PBXNativeTarget;
			buildConfigurationList = 7CC9752E2F3401F4001C3BB7 /* Build configuration list for PBXNativeTarget "Mud" */;
			buildPhases = (
				7CC9751D2F3401F4001C3BB7 /* Sources */,
				7CC9751E2F3401F4001C3BB7 /* Frameworks */,
				7CC9751F2F3401F4001C3BB7 /* Resources */,
				7C0A00082F5B0003001C3BB7 /* Set Version */,
			);
			buildRules = (
			);
			dependencies = (
			);
			name = Mud;
			packageProductDependencies = (
				7CC975582F34038A001C3BB7 /* MudCore */,
			);
			productName = Mud;
			productReference = 7CC975212F3401F4001C3BB7 /* Mud.app */;
			productType = "com.apple.product-type.application";
		};
/* End PBXNativeTarget section */

/* Begin PBXProject section */
		7CC975192F3401F4001C3BB7 /* Project object */ = {
			isa = PBXProject;
			attributes = {
				BuildIndependentTargetsInParallel = 1;
				LastSwiftUpdateCheck = 2620;
				LastUpgradeCheck = 2620;
				TargetAttributes = {
					7CC975202F3401F4001C3BB7 = {
						CreatedOnToolsVersion = 26.2;
					};
				};
			};
			buildConfigurationList = 7CC9751C2F3401F4001C3BB7 /* Build configuration list for PBXProject "Mud" */;
			developmentRegion = en;
			hasScannedForEncodings = 0;
			knownRegions = (
				en,
				Base,
			);
			mainGroup = 7CC975182F3401F4001C3BB7;
			minimizedProjectReferenceProxies = 1;
			packageReferences = (
				7CC975572F34038A001C3BB7 /* XCLocalSwiftPackageReference "Core" */,
			);
			preferredProjectObjectVersion = 77;
			productRefGroup = 7CC975222F3401F4001C3BB7 /* Products */;
			projectDirPath = "";
			projectRoot = "";
			targets = (
				7CC975202F3401F4001C3BB7 /* Mud */,
			);
		};
/* End PBXProject section */

/* Begin PBXResourcesBuildPhase section */
		7CC9751F2F3401F4001C3BB7 /* Resources */ = {
			isa = PBXResourcesBuildPhase;
			buildActionMask = 2147483647;
			files = (
				7C4D0E592F47EF22008A472A /* PrivacyInfo.xcprivacy in Resources */,
				7CB9BB902F38E28B008AB0BC /* Mud.icon in Resources */,
				7CC9753A2F340286001C3BB7 /* Assets.xcassets in Resources */,
			);
			runOnlyForDeploymentPostprocessing = 0;
		};
/* End PBXResourcesBuildPhase section */

/* Begin PBXShellScriptBuildPhase section */
		7C0A00082F5B0003001C3BB7 /* Set Version */ = {
			isa = PBXShellScriptBuildPhase;
			alwaysOutOfDate = 1;
			buildActionMask = 2147483647;
			files = (
			);
			inputFileListPaths = (
			);
			inputPaths = (
			);
			name = "Set Version";
			outputFileListPaths = (
			);
			outputPaths = (
			);
			runOnlyForDeploymentPostprocessing = 0;
			shellPath = /bin/sh;
			shellScript = "BUILD_NUMBER_FILE=\"$SRCROOT/Mud.xcodeproj/xcuserdata/BUILD_NUMBER\"\nBUILD=$(cat \"$BUILD_NUMBER_FILE\" 2>/dev/null || echo \"0\")\n\nif [ \"$ACTION\" = \"install\" ]; then\n  BUILD=$((BUILD + 1))\n  echo \"$BUILD\" > \"$BUILD_NUMBER_FILE\"\nfi\n\nVERSION=$(git describe --tags --abbrev=0 2>/dev/null || echo \"0.1.0\")\nVERSION=${VERSION#v}\n\nPLIST=\"$BUILT_PRODUCTS_DIR/$INFOPLIST_PATH\"\n/usr/libexec/PlistBuddy -c \"Set :CFBundleShortVersionString $VERSION\" \"$PLIST\"\n/usr/libexec/PlistBuddy -c \"Set :CFBundleVersion $BUILD\" \"$PLIST\"\n";
		};
/* End PBXShellScriptBuildPhase section */

/* Begin PBXSourcesBuildPhase section */
		7CC9751D2F3401F4001C3BB7 /* Sources */ = {
			isa = PBXSourcesBuildPhase;
			buildActionMask = 2147483647;
			files = (
				7CC975892F341A75001C3BB7 /* Lighting.swift in Sources */,
				7C0A00022F3E0001001C3BB7 /* Theme.swift in Sources */,
				7C8D10302F34CF0400F359C8 /* FindFeature.swift in Sources */,
				7CA119812F3CC5110098484A /* Mode.swift in Sources */,
				7CC975672F340904001C3BB7 /* WebView.swift in Sources */,
				7CC975862F340FD2001C3BB7 /* FileWatcher.swift in Sources */,
				7C1FD9812F44FAC200BB4076 /* LocalFileSchemeHandler.swift in Sources */,
				7C282AD82F4F542E00611919 /* ThemePreviewCard.swift in Sources */,
				7C282AD92F4F542E00611919 /* UpModeSettingsView.swift in Sources */,
				7C282ADA2F4F542E00611919 /* SettingsView.swift in Sources */,
				7C282ADB2F4F542E00611919 /* ThemeSettingsView.swift in Sources */,
				7C282ADC2F4F542E00611919 /* GeneralSettingsView.swift in Sources */,
				7C282ADD2F4F542E00611919 /* DownModeSettingsView.swift in Sources */,
				7C442A622F3450190046E0CD /* AppDelegate.swift in Sources */,
				7CA1197F2F3CC4D00098484A /* ViewToggle.swift in Sources */,
				7C2665942F3D6216004C8D74 /* DocumentState.swift in Sources */,
				7CC9753D2F340286001C3BB7 /* MudApp.swift in Sources */,
				7C442A652F3457C20046E0CD /* DocumentController.swift in Sources */,
				7C442A682F34BB7E0046E0CD /* DocumentWindowController.swift in Sources */,
				7C6B316E2F3A228000F6A4E8 /* DeferMutation.swift in Sources */,
				7C442A692F34BB7E0046E0CD /* DocumentContentView.swift in Sources */,
				7C5A00022F4800010046E0CD /* CommandLineInterface.swift in Sources */,
				7C5A00042F4800020046E0CD /* CommandLineInstaller.swift in Sources */,
				7C0A00042F5B0001001C3BB7 /* OutlineNode.swift in Sources */,
				7C0A00062F5B0002001C3BB7 /* OutlineSidebarView.swift in Sources */,
			);
			runOnlyForDeploymentPostprocessing = 0;
		};
/* End PBXSourcesBuildPhase section */

/* Begin XCBuildConfiguration section */
		7CC9752F2F3401F4001C3BB7 /* Debug */ = {
			isa = XCBuildConfiguration;
			buildSettings = {
				ASSETCATALOG_COMPILER_APPICON_NAME = Mud;
				ASSETCATALOG_COMPILER_GLOBAL_ACCENT_COLOR_NAME = AccentColor;
				CODE_SIGN_ENTITLEMENTS = App/Mud.entitlements;
				"CODE_SIGN_IDENTITY[sdk=macosx*]" = "Apple Development";
				CODE_SIGN_STYLE = Automatic;
				COMBINE_HIDPI_IMAGES = YES;
				CURRENT_PROJECT_VERSION = 1;
				DEVELOPMENT_TEAM = XVL2AFNXH5;
				ENABLE_APP_SANDBOX = YES;
				ENABLE_HARDENED_RUNTIME = YES;
				ENABLE_PREVIEWS = YES;
				ENABLE_RESOURCE_ACCESS_PRINTING = YES;
				ENABLE_USER_SCRIPT_SANDBOXING = NO;
				ENABLE_USER_SELECTED_FILES = readonly;
				GENERATE_INFOPLIST_FILE = YES;
				INFOPLIST_FILE = App/Info.plist;
				INFOPLIST_KEY_CFBundleDisplayName = Mud;
				INFOPLIST_KEY_LSApplicationCategoryType = "public.app-category.developer-tools";
				INFOPLIST_KEY_NSHumanReadableCopyright = "Copyright © 2026 Joseph Pearson. All rights reserved.";
				LD_RUNPATH_SEARCH_PATHS = (
					"$(inherited)",
					"@executable_path/../Frameworks",
				);
				MACOSX_DEPLOYMENT_TARGET = 14.0;
				MARKETING_VERSION = 1.0;
				PRODUCT_BUNDLE_IDENTIFIER = org.josephpearson.Mud;
				PRODUCT_NAME = "$(TARGET_NAME)";
				REGISTER_APP_GROUPS = YES;
				STRING_CATALOG_GENERATE_SYMBOLS = YES;
				SWIFT_APPROACHABLE_CONCURRENCY = YES;
				SWIFT_DEFAULT_ACTOR_ISOLATION = MainActor;
				SWIFT_EMIT_LOC_STRINGS = YES;
				SWIFT_UPCOMING_FEATURE_MEMBER_IMPORT_VISIBILITY = YES;
				SWIFT_VERSION = 5.0;
			};
			name = Debug;
		};
		7CC975302F3401F4001C3BB7 /* Release */ = {
			isa = XCBuildConfiguration;
			buildSettings = {
				ASSETCATALOG_COMPILER_APPICON_NAME = Mud;
				ASSETCATALOG_COMPILER_GLOBAL_ACCENT_COLOR_NAME = AccentColor;
				CODE_SIGN_ENTITLEMENTS = App/Mud.entitlements;
				CODE_SIGN_IDENTITY = "Apple Development";
				CODE_SIGN_STYLE = Automatic;
				COMBINE_HIDPI_IMAGES = YES;
				CURRENT_PROJECT_VERSION = 1;
				DEVELOPMENT_TEAM = XVL2AFNXH5;
				ENABLE_APP_SANDBOX = YES;
				ENABLE_HARDENED_RUNTIME = YES;
				ENABLE_PREVIEWS = YES;
				ENABLE_RESOURCE_ACCESS_PRINTING = YES;
				ENABLE_USER_SCRIPT_SANDBOXING = NO;
				ENABLE_USER_SELECTED_FILES = readonly;
				GENERATE_INFOPLIST_FILE = YES;
				INFOPLIST_FILE = App/Info.plist;
				INFOPLIST_KEY_CFBundleDisplayName = Mud;
				INFOPLIST_KEY_LSApplicationCategoryType = "public.app-category.developer-tools";
				INFOPLIST_KEY_NSHumanReadableCopyright = "Copyright © 2026 Joseph Pearson. All rights reserved.";
				LD_RUNPATH_SEARCH_PATHS = (
					"$(inherited)",
					"@executable_path/../Frameworks",
				);
				MACOSX_DEPLOYMENT_TARGET = 14.0;
				MARKETING_VERSION = 1.0;
				PRODUCT_BUNDLE_IDENTIFIER = org.josephpearson.Mud;
				PRODUCT_NAME = "$(TARGET_NAME)";
				REGISTER_APP_GROUPS = YES;
				STRING_CATALOG_GENERATE_SYMBOLS = YES;
				SWIFT_APPROACHABLE_CONCURRENCY = YES;
				SWIFT_DEFAULT_ACTOR_ISOLATION = MainActor;
				SWIFT_EMIT_LOC_STRINGS = YES;
				SWIFT_UPCOMING_FEATURE_MEMBER_IMPORT_VISIBILITY = YES;
				SWIFT_VERSION = 5.0;
			};
			name = Release;
		};
		7CC975312F3401F4001C3BB7 /* Debug */ = {
			isa = XCBuildConfiguration;
			buildSettings = {
				ALWAYS_SEARCH_USER_PATHS = NO;
				ASSETCATALOG_COMPILER_GENERATE_SWIFT_ASSET_SYMBOL_EXTENSIONS = YES;
				CLANG_ANALYZER_NONNULL = YES;
				CLANG_ANALYZER_NUMBER_OBJECT_CONVERSION = YES_AGGRESSIVE;
				CLANG_CXX_LANGUAGE_STANDARD = "gnu++20";
				CLANG_ENABLE_MODULES = YES;
				CLANG_ENABLE_OBJC_ARC = YES;
				CLANG_ENABLE_OBJC_WEAK = YES;
				CLANG_WARN_BLOCK_CAPTURE_AUTORELEASING = YES;
				CLANG_WARN_BOOL_CONVERSION = YES;
				CLANG_WARN_COMMA = YES;
				CLANG_WARN_CONSTANT_CONVERSION = YES;
				CLANG_WARN_DEPRECATED_OBJC_IMPLEMENTATIONS = YES;
				CLANG_WARN_DIRECT_OBJC_ISA_USAGE = YES_ERROR;
				CLANG_WARN_DOCUMENTATION_COMMENTS = YES;
				CLANG_WARN_EMPTY_BODY = YES;
				CLANG_WARN_ENUM_CONVERSION = YES;
				CLANG_WARN_INFINITE_RECURSION = YES;
				CLANG_WARN_INT_CONVERSION = YES;
				CLANG_WARN_NON_LITERAL_NULL_CONVERSION = YES;
				CLANG_WARN_OBJC_IMPLICIT_RETAIN_SELF = YES;
				CLANG_WARN_OBJC_LITERAL_CONVERSION = YES;
				CLANG_WARN_OBJC_ROOT_CLASS = YES_ERROR;
				CLANG_WARN_QUOTED_INCLUDE_IN_FRAMEWORK_HEADER = YES;
				CLANG_WARN_RANGE_LOOP_ANALYSIS = YES;
				CLANG_WARN_STRICT_PROTOTYPES = YES;
				CLANG_WARN_SUSPICIOUS_MOVE = YES;
				CLANG_WARN_UNGUARDED_AVAILABILITY = YES_AGGRESSIVE;
				CLANG_WARN_UNREACHABLE_CODE = YES;
				CLANG_WARN__DUPLICATE_METHOD_MATCH = YES;
				COPY_PHASE_STRIP = NO;
				DEBUG_INFORMATION_FORMAT = dwarf;
				DEVELOPMENT_TEAM = XVL2AFNXH5;
				ENABLE_STRICT_OBJC_MSGSEND = YES;
				ENABLE_TESTABILITY = YES;
				ENABLE_USER_SCRIPT_SANDBOXING = YES;
				GCC_C_LANGUAGE_STANDARD = gnu17;
				GCC_DYNAMIC_NO_PIC = NO;
				GCC_NO_COMMON_BLOCKS = YES;
				GCC_OPTIMIZATION_LEVEL = 0;
				GCC_PREPROCESSOR_DEFINITIONS = (
					"DEBUG=1",
					"$(inherited)",
				);
				GCC_WARN_64_TO_32_BIT_CONVERSION = YES;
				GCC_WARN_ABOUT_RETURN_TYPE = YES_ERROR;
				GCC_WARN_UNDECLARED_SELECTOR = YES;
				GCC_WARN_UNINITIALIZED_AUTOS = YES_AGGRESSIVE;
				GCC_WARN_UNUSED_FUNCTION = YES;
				GCC_WARN_UNUSED_VARIABLE = YES;
				LOCALIZATION_PREFERS_STRING_CATALOGS = YES;
				MACOSX_DEPLOYMENT_TARGET = 14.0;
				MTL_ENABLE_DEBUG_INFO = INCLUDE_SOURCE;
				MTL_FAST_MATH = YES;
				ONLY_ACTIVE_ARCH = YES;
				SDKROOT = macosx;
				SWIFT_ACTIVE_COMPILATION_CONDITIONS = "DEBUG $(inherited)";
				SWIFT_OPTIMIZATION_LEVEL = "-Onone";
			};
			name = Debug;
		};
		7CC975322F3401F4001C3BB7 /* Release */ = {
			isa = XCBuildConfiguration;
			buildSettings = {
				ALWAYS_SEARCH_USER_PATHS = NO;
				ASSETCATALOG_COMPILER_GENERATE_SWIFT_ASSET_SYMBOL_EXTENSIONS = YES;
				CLANG_ANALYZER_NONNULL = YES;
				CLANG_ANALYZER_NUMBER_OBJECT_CONVERSION = YES_AGGRESSIVE;
				CLANG_CXX_LANGUAGE_STANDARD = "gnu++20";
				CLANG_ENABLE_MODULES = YES;
				CLANG_ENABLE_OBJC_ARC = YES;
				CLANG_ENABLE_OBJC_WEAK = YES;
				CLANG_WARN_BLOCK_CAPTURE_AUTORELEASING = YES;
				CLANG_WARN_BOOL_CONVERSION = YES;
				CLANG_WARN_COMMA = YES;
				CLANG_WARN_CONSTANT_CONVERSION = YES;
				CLANG_WARN_DEPRECATED_OBJC_IMPLEMENTATIONS = YES;
				CLANG_WARN_DIRECT_OBJC_ISA_USAGE = YES_ERROR;
				CLANG_WARN_DOCUMENTATION_COMMENTS = YES;
				CLANG_WARN_EMPTY_BODY = YES;
				CLANG_WARN_ENUM_CONVERSION = YES;
				CLANG_WARN_INFINITE_RECURSION = YES;
				CLANG_WARN_INT_CONVERSION = YES;
				CLANG_WARN_NON_LITERAL_NULL_CONVERSION = YES;
				CLANG_WARN_OBJC_IMPLICIT_RETAIN_SELF = YES;
				CLANG_WARN_OBJC_LITERAL_CONVERSION = YES;
				CLANG_WARN_OBJC_ROOT_CLASS = YES_ERROR;
				CLANG_WARN_QUOTED_INCLUDE_IN_FRAMEWORK_HEADER = YES;
				CLANG_WARN_RANGE_LOOP_ANALYSIS = YES;
				CLANG_WARN_STRICT_PROTOTYPES = YES;
				CLANG_WARN_SUSPICIOUS_MOVE = YES;
				CLANG_WARN_UNGUARDED_AVAILABILITY = YES_AGGRESSIVE;
				CLANG_WARN_UNREACHABLE_CODE = YES;
				CLANG_WARN__DUPLICATE_METHOD_MATCH = YES;
				COPY_PHASE_STRIP = NO;
				DEBUG_INFORMATION_FORMAT = "dwarf-with-dsym";
				DEVELOPMENT_TEAM = XVL2AFNXH5;
				ENABLE_NS_ASSERTIONS = NO;
				ENABLE_STRICT_OBJC_MSGSEND = YES;
				ENABLE_USER_SCRIPT_SANDBOXING = YES;
				GCC_C_LANGUAGE_STANDARD = gnu17;
				GCC_NO_COMMON_BLOCKS = YES;
				GCC_WARN_64_TO_32_BIT_CONVERSION = YES;
				GCC_WARN_ABOUT_RETURN_TYPE = YES_ERROR;
				GCC_WARN_UNDECLARED_SELECTOR = YES;
				GCC_WARN_UNINITIALIZED_AUTOS = YES_AGGRESSIVE;
				GCC_WARN_UNUSED_FUNCTION = YES;
				GCC_WARN_UNUSED_VARIABLE = YES;
				LOCALIZATION_PREFERS_STRING_CATALOGS = YES;
				MACOSX_DEPLOYMENT_TARGET = 14.0;
				MTL_ENABLE_DEBUG_INFO = NO;
				MTL_FAST_MATH = YES;
				SDKROOT = macosx;
				SWIFT_COMPILATION_MODE = wholemodule;
			};
			name = Release;
		};
/* End XCBuildConfiguration section */

/* Begin XCConfigurationList section */
		7CC9751C2F3401F4001C3BB7 /* Build configuration list for PBXProject "Mud" */ = {
			isa = XCConfigurationList;
			buildConfigurations = (
				7CC975312F3401F4001C3BB7 /* Debug */,
				7CC975322F3401F4001C3BB7 /* Release */,
			);
			defaultConfigurationIsVisible = 0;
			defaultConfigurationName = Release;
		};
		7CC9752E2F3401F4001C3BB7 /* Build configuration list for PBXNativeTarget "Mud" */ = {
			isa = XCConfigurationList;
			buildConfigurations = (
				7CC9752F2F3401F4001C3BB7 /* Debug */,
				7CC975302F3401F4001C3BB7 /* Release */,
			);
			defaultConfigurationIsVisible = 0;
			defaultConfigurationName = Release;
		};
/* End XCConfigurationList section */

/* Begin XCLocalSwiftPackageReference section */
		7CC975572F34038A001C3BB7 /* XCLocalSwiftPackageReference "Core" */ = {
			isa = XCLocalSwiftPackageReference;
			relativePath = Core;
		};
/* End XCLocalSwiftPackageReference section */

/* Begin XCSwiftPackageProductDependency section */
		7CC975582F34038A001C3BB7 /* MudCore */ = {
			isa = XCSwiftPackageProductDependency;
			productName = MudCore;
		};
/* End XCSwiftPackageProductDependency section */
	};
	rootObject = 7CC975192F3401F4001C3BB7 /* Project object */;
}
